{
  "format_version": "1.1",
  "terraform_version": "1.2.3",
  "planned_values": {
    "root_module": {
      "child_modules": [
        {
          "resources": [
            {
              "address": "module.my_vpc.aws_eip.ts_aws_eip_nat[\"us-east-1a\"]",
              "mode": "managed",
              "type": "aws_eip",
              "name": "ts_aws_eip_nat",
              "index": "us-east-1a",
              "provider_name": "registry.terraform.io/hashicorp/aws",
              "schema_version": 0,
              "values": {
                "address": null,
                "associate_with_private_ip": null,
                "customer_owned_ipv4_pool": null,
                "tags": null,
                "timeouts": null,
                "vpc": true
              },
              "sensitive_values": {
                "tags_all": {}
              }
            },
            {
              "address": "module.my_vpc.aws_eip.ts_aws_eip_nat[\"us-east-1b\"]",
              "mode": "managed",
              "type": "aws_eip",
              "name": "ts_aws_eip_nat",
              "index": "us-east-1b",
              "provider_name": "registry.terraform.io/hashicorp/aws",
              "schema_version": 0,
              "values": {
                "address": null,
                "associate_with_private_ip": null,
                "customer_owned_ipv4_pool": null,
                "tags": null,
                "timeouts": null,
                "vpc": true
              },
              "sensitive_values": {
                "tags_all": {}
              }
            },
            {
              "address": "module.my_vpc.aws_internet_gateway.ts_aws_internet_gateway",
              "mode": "managed",
              "type": "aws_internet_gateway",
              "name": "ts_aws_internet_gateway",
              "provider_name": "registry.terraform.io/hashicorp/aws",
              "schema_version": 0,
              "values": {
                "tags": null,
                "timeouts": null
              },
              "sensitive_values": {
                "tags_all": {}
              }
            },
            {
              "address": "module.my_vpc.aws_nat_gateway.ts_aws_nat_gateway[\"us-east-1a\"]",
              "mode": "managed",
              "type": "aws_nat_gateway",
              "name": "ts_aws_nat_gateway",
              "index": "us-east-1a",
              "provider_name": "registry.terraform.io/hashicorp/aws",
              "schema_version": 0,
              "values": {
                "connectivity_type": "public",
                "tags": null
              },
              "sensitive_values": {
                "tags_all": {}
              }
            },
            {
              "address": "module.my_vpc.aws_nat_gateway.ts_aws_nat_gateway[\"us-east-1b\"]",
              "mode": "managed",
              "type": "aws_nat_gateway",
              "name": "ts_aws_nat_gateway",
              "index": "us-east-1b",
              "provider_name": "registry.terraform.io/hashicorp/aws",
              "schema_version": 0,
              "values": {
                "connectivity_type": "public",
                "tags": null
              },
              "sensitive_values": {
                "tags_all": {}
              }
            },
            {
              "address": "module.my_vpc.aws_route.ts_aws_route_private_ngw[\"us-east-1a\"]",
              "mode": "managed",
              "type": "aws_route",
              "name": "ts_aws_route_private_ngw",
              "index": "us-east-1a",
              "provider_name": "registry.terraform.io/hashicorp/aws",
              "schema_version": 0,
              "values": {
                "carrier_gateway_id": null,
                "core_network_arn": null,
                "destination_cidr_block": "0.0.0.0/0",
                "destination_ipv6_cidr_block": null,
                "destination_prefix_list_id": null,
                "egress_only_gateway_id": null,
                "gateway_id": null,
                "local_gateway_id": null,
                "timeouts": null,
                "transit_gateway_id": null,
                "vpc_endpoint_id": null,
                "vpc_peering_connection_id": null
              },
              "sensitive_values": {}
            },
            {
              "address": "module.my_vpc.aws_route.ts_aws_route_private_ngw[\"us-east-1b\"]",
              "mode": "managed",
              "type": "aws_route",
              "name": "ts_aws_route_private_ngw",
              "index": "us-east-1b",
              "provider_name": "registry.terraform.io/hashicorp/aws",
              "schema_version": 0,
              "values": {
                "carrier_gateway_id": null,
                "core_network_arn": null,
                "destination_cidr_block": "0.0.0.0/0",
                "destination_ipv6_cidr_block": null,
                "destination_prefix_list_id": null,
                "egress_only_gateway_id": null,
                "gateway_id": null,
                "local_gateway_id": null,
                "timeouts": null,
                "transit_gateway_id": null,
                "vpc_endpoint_id": null,
                "vpc_peering_connection_id": null
              },
              "sensitive_values": {}
            },
            {
              "address": "module.my_vpc.aws_route.ts_aws_route_public_igw",
              "mode": "managed",
              "type": "aws_route",
              "name": "ts_aws_route_public_igw",
              "provider_name": "registry.terraform.io/hashicorp/aws",
              "schema_version": 0,
              "values": {
                "carrier_gateway_id": null,
                "core_network_arn": null,
                "destination_cidr_block": "0.0.0.0/0",
                "destination_ipv6_cidr_block": null,
                "destination_prefix_list_id": null,
                "egress_only_gateway_id": null,
                "local_gateway_id": null,
                "nat_gateway_id": null,
                "timeouts": null,
                "transit_gateway_id": null,
                "vpc_endpoint_id": null,
                "vpc_peering_connection_id": null
              },
              "sensitive_values": {}
            },
            {
              "address": "module.my_vpc.aws_route_table.ts_aws_route_table_private_isolated",
              "mode": "managed",
              "type": "aws_route_table",
              "name": "ts_aws_route_table_private_isolated",
              "provider_name": "registry.terraform.io/hashicorp/aws",
              "schema_version": 0,
              "values": {
                "tags": null,
                "timeouts": null
              },
              "sensitive_values": {
                "propagating_vgws": [],
                "route": [],
                "tags_all": {}
              }
            },
            {
              "address": "module.my_vpc.aws_route_table.ts_aws_route_table_private_ngw[\"us-east-1a\"]",
              "mode": "managed",
              "type": "aws_route_table",
              "name": "ts_aws_route_table_private_ngw",
              "index": "us-east-1a",
              "provider_name": "registry.terraform.io/hashicorp/aws",
              "schema_version": 0,
              "values": {
                "tags": null,
                "timeouts": null
              },
              "sensitive_values": {
                "propagating_vgws": [],
                "route": [],
                "tags_all": {}
              }
            },
            {
              "address": "module.my_vpc.aws_route_table.ts_aws_route_table_private_ngw[\"us-east-1b\"]",
              "mode": "managed",
              "type": "aws_route_table",
              "name": "ts_aws_route_table_private_ngw",
              "index": "us-east-1b",
              "provider_name": "registry.terraform.io/hashicorp/aws",
              "schema_version": 0,
              "values": {
                "tags": null,
                "timeouts": null
              },
              "sensitive_values": {
                "propagating_vgws": [],
                "route": [],
                "tags_all": {}
              }
            },
            {
              "address": "module.my_vpc.aws_route_table.ts_aws_route_table_public_igw",
              "mode": "managed",
              "type": "aws_route_table",
              "name": "ts_aws_route_table_public_igw",
              "provider_name": "registry.terraform.io/hashicorp/aws",
              "schema_version": 0,
              "values": {
                "tags": null,
                "timeouts": null
              },
              "sensitive_values": {
                "propagating_vgws": [],
                "route": [],
                "tags_all": {}
              }
            },
            {
              "address": "module.my_vpc.aws_route_table_association.ts_aws_route_table_association_private_isolated[\"us-east-1a\"]",
              "mode": "managed",
              "type": "aws_route_table_association",
              "name": "ts_aws_route_table_association_private_isolated",
              "index": "us-east-1a",
              "provider_name": "registry.terraform.io/hashicorp/aws",
              "schema_version": 0,
              "values": {
                "gateway_id": null
              },
              "sensitive_values": {}
            },
            {
              "address": "module.my_vpc.aws_route_table_association.ts_aws_route_table_association_private_isolated[\"us-east-1b\"]",
              "mode": "managed",
              "type": "aws_route_table_association",
              "name": "ts_aws_route_table_association_private_isolated",
              "index": "us-east-1b",
              "provider_name": "registry.terraform.io/hashicorp/aws",
              "schema_version": 0,
              "values": {
                "gateway_id": null
              },
              "sensitive_values": {}
            },
            {
              "address": "module.my_vpc.aws_route_table_association.ts_aws_route_table_association_private_ngw[\"us-east-1a\"]",
              "mode": "managed",
              "type": "aws_route_table_association",
              "name": "ts_aws_route_table_association_private_ngw",
              "index": "us-east-1a",
              "provider_name": "registry.terraform.io/hashicorp/aws",
              "schema_version": 0,
              "values": {
                "gateway_id": null
              },
              "sensitive_values": {}
            },
            {
              "address": "module.my_vpc.aws_route_table_association.ts_aws_route_table_association_private_ngw[\"us-east-1b\"]",
              "mode": "managed",
              "type": "aws_route_table_association",
              "name": "ts_aws_route_table_association_private_ngw",
              "index": "us-east-1b",
              "provider_name": "registry.terraform.io/hashicorp/aws",
              "schema_version": 0,
              "values": {
                "gateway_id": null
              },
              "sensitive_values": {}
            },
            {
              "address": "module.my_vpc.aws_route_table_association.ts_aws_route_table_association_public_igw[\"us-east-1a\"]",
              "mode": "managed",
              "type": "aws_route_table_association",
              "name": "ts_aws_route_table_association_public_igw",
              "index": "us-east-1a",
              "provider_name": "registry.terraform.io/hashicorp/aws",
              "schema_version": 0,
              "values": {
                "gateway_id": null
              },
              "sensitive_values": {}
            },
            {
              "address": "module.my_vpc.aws_route_table_association.ts_aws_route_table_association_public_igw[\"us-east-1b\"]",
              "mode": "managed",
              "type": "aws_route_table_association",
              "name": "ts_aws_route_table_association_public_igw",
              "index": "us-east-1b",
              "provider_name": "registry.terraform.io/hashicorp/aws",
              "schema_version": 0,
              "values": {
                "gateway_id": null
              },
              "sensitive_values": {}
            },
            {
              "address": "module.my_vpc.aws_subnet.ts_aws_subnet_private_isolated[\"us-east-1a\"]",
              "mode": "managed",
              "type": "aws_subnet",
              "name": "ts_aws_subnet_private_isolated",
              "index": "us-east-1a",
              "provider_name": "registry.terraform.io/hashicorp/aws",
              "schema_version": 1,
              "values": {
                "assign_ipv6_address_on_creation": false,
                "availability_zone": "us-east-1a",
                "cidr_block": "10.0.80.0/20",
                "customer_owned_ipv4_pool": null,
                "enable_dns64": false,
                "enable_resource_name_dns_a_record_on_launch": false,
                "enable_resource_name_dns_aaaa_record_on_launch": false,
                "ipv6_cidr_block": null,
                "ipv6_native": false,
                "map_customer_owned_ip_on_launch": null,
                "map_public_ip_on_launch": false,
                "outpost_arn": null,
                "tags": null,
                "timeouts": null
              },
              "sensitive_values": {
                "tags_all": {}
              }
            },
            {
              "address": "module.my_vpc.aws_subnet.ts_aws_subnet_private_isolated[\"us-east-1b\"]",
              "mode": "managed",
              "type": "aws_subnet",
              "name": "ts_aws_subnet_private_isolated",
              "index": "us-east-1b",
              "provider_name": "registry.terraform.io/hashicorp/aws",
              "schema_version": 1,
              "values": {
                "assign_ipv6_address_on_creation": false,
                "availability_zone": "us-east-1b",
                "cidr_block": "10.0.96.0/20",
                "customer_owned_ipv4_pool": null,
                "enable_dns64": false,
                "enable_resource_name_dns_a_record_on_launch": false,
                "enable_resource_name_dns_aaaa_record_on_launch": false,
                "ipv6_cidr_block": null,
                "ipv6_native": false,
                "map_customer_owned_ip_on_launch": null,
                "map_public_ip_on_launch": false,
                "outpost_arn": null,
                "tags": null,
                "timeouts": null
              },
              "sensitive_values": {
                "tags_all": {}
              }
            },
            {
              "address": "module.my_vpc.aws_subnet.ts_aws_subnet_private_ngw[\"us-east-1a\"]",
              "mode": "managed",
              "type": "aws_subnet",
              "name": "ts_aws_subnet_private_ngw",
              "index": "us-east-1a",
              "provider_name": "registry.terraform.io/hashicorp/aws",
              "schema_version": 1,
              "values": {
                "assign_ipv6_address_on_creation": false,
                "availability_zone": "us-east-1a",
                "cidr_block": "10.0.48.0/20",
                "customer_owned_ipv4_pool": null,
                "enable_dns64": false,
                "enable_resource_name_dns_a_record_on_launch": false,
                "enable_resource_name_dns_aaaa_record_on_launch": false,
                "ipv6_cidr_block": null,
                "ipv6_native": false,
                "map_customer_owned_ip_on_launch": null,
                "map_public_ip_on_launch": false,
                "outpost_arn": null,
                "tags": null,
                "timeouts": null
              },
              "sensitive_values": {
                "tags_all": {}
              }
            },
            {
              "address": "module.my_vpc.aws_subnet.ts_aws_subnet_private_ngw[\"us-east-1b\"]",
              "mode": "managed",
              "type": "aws_subnet",
              "name": "ts_aws_subnet_private_ngw",
              "index": "us-east-1b",
              "provider_name": "registry.terraform.io/hashicorp/aws",
              "schema_version": 1,
              "values": {
                "assign_ipv6_address_on_creation": false,
                "availability_zone": "us-east-1b",
                "cidr_block": "10.0.64.0/20",
                "customer_owned_ipv4_pool": null,
                "enable_dns64": false,
                "enable_resource_name_dns_a_record_on_launch": false,
                "enable_resource_name_dns_aaaa_record_on_launch": false,
                "ipv6_cidr_block": null,
                "ipv6_native": false,
                "map_customer_owned_ip_on_launch": null,
                "map_public_ip_on_launch": false,
                "outpost_arn": null,
                "tags": null,
                "timeouts": null
              },
              "sensitive_values": {
                "tags_all": {}
              }
            },
            {
              "address": "module.my_vpc.aws_subnet.ts_aws_subnet_public_igw[\"us-east-1a\"]",
              "mode": "managed",
              "type": "aws_subnet",
              "name": "ts_aws_subnet_public_igw",
              "index": "us-east-1a",
              "provider_name": "registry.terraform.io/hashicorp/aws",
              "schema_version": 1,
              "values": {
                "assign_ipv6_address_on_creation": false,
                "availability_zone": "us-east-1a",
                "cidr_block": "10.0.16.0/20",
                "customer_owned_ipv4_pool": null,
                "enable_dns64": false,
                "enable_resource_name_dns_a_record_on_launch": false,
                "enable_resource_name_dns_aaaa_record_on_launch": false,
                "ipv6_cidr_block": null,
                "ipv6_native": false,
                "map_customer_owned_ip_on_launch": null,
                "map_public_ip_on_launch": true,
                "outpost_arn": null,
                "tags": null,
                "timeouts": null
              },
              "sensitive_values": {
                "tags_all": {}
              }
            },
            {
              "address": "module.my_vpc.aws_subnet.ts_aws_subnet_public_igw[\"us-east-1b\"]",
              "mode": "managed",
              "type": "aws_subnet",
              "name": "ts_aws_subnet_public_igw",
              "index": "us-east-1b",
              "provider_name": "registry.terraform.io/hashicorp/aws",
              "schema_version": 1,
              "values": {
                "assign_ipv6_address_on_creation": false,
                "availability_zone": "us-east-1b",
                "cidr_block": "10.0.32.0/20",
                "customer_owned_ipv4_pool": null,
                "enable_dns64": false,
                "enable_resource_name_dns_a_record_on_launch": false,
                "enable_resource_name_dns_aaaa_record_on_launch": false,
                "ipv6_cidr_block": null,
                "ipv6_native": false,
                "map_customer_owned_ip_on_launch": null,
                "map_public_ip_on_launch": true,
                "outpost_arn": null,
                "tags": null,
                "timeouts": null
              },
              "sensitive_values": {
                "tags_all": {}
              }
            },
            {
              "address": "module.my_vpc.aws_vpc.ts_aws_vpc",
              "mode": "managed",
              "type": "aws_vpc",
              "name": "ts_aws_vpc",
              "provider_name": "registry.terraform.io/hashicorp/aws",
              "schema_version": 1,
              "values": {
                "assign_generated_ipv6_cidr_block": null,
                "cidr_block": "10.0.0.0/16",
                "enable_dns_hostnames": true,
                "enable_dns_support": true,
                "instance_tenancy": "default",
                "ipv4_ipam_pool_id": null,
                "ipv4_netmask_length": null,
                "ipv6_ipam_pool_id": null,
                "ipv6_netmask_length": null,
                "tags": null
              },
              "sensitive_values": {
                "tags_all": {}
              }
            }
          ],
          "address": "module.my_vpc"
        }
      ]
    }
  },
  "resource_changes": [
    {
      "address": "module.my_vpc.aws_eip.ts_aws_eip_nat[\"us-east-1a\"]",
      "module_address": "module.my_vpc",
      "mode": "managed",
      "type": "aws_eip",
      "name": "ts_aws_eip_nat",
      "index": "us-east-1a",
      "provider_name": "registry.terraform.io/hashicorp/aws",
      "change": {
        "actions": [
          "create"
        ],
        "before": null,
        "after": {
          "address": null,
          "associate_with_private_ip": null,
          "customer_owned_ipv4_pool": null,
          "tags": null,
          "timeouts": null,
          "vpc": true
        },
        "after_unknown": {
          "allocation_id": true,
          "association_id": true,
          "carrier_ip": true,
          "customer_owned_ip": true,
          "domain": true,
          "id": true,
          "instance": true,
          "network_border_group": true,
          "network_interface": true,
          "private_dns": true,
          "private_ip": true,
          "public_dns": true,
          "public_ip": true,
          "public_ipv4_pool": true,
          "tags_all": true
        },
        "before_sensitive": false,
        "after_sensitive": {
          "tags_all": {}
        }
      }
    },
    {
      "address": "module.my_vpc.aws_eip.ts_aws_eip_nat[\"us-east-1b\"]",
      "module_address": "module.my_vpc",
      "mode": "managed",
      "type": "aws_eip",
      "name": "ts_aws_eip_nat",
      "index": "us-east-1b",
      "provider_name": "registry.terraform.io/hashicorp/aws",
      "change": {
        "actions": [
          "create"
        ],
        "before": null,
        "after": {
          "address": null,
          "associate_with_private_ip": null,
          "customer_owned_ipv4_pool": null,
          "tags": null,
          "timeouts": null,
          "vpc": true
        },
        "after_unknown": {
          "allocation_id": true,
          "association_id": true,
          "carrier_ip": true,
          "customer_owned_ip": true,
          "domain": true,
          "id": true,
          "instance": true,
          "network_border_group": true,
          "network_interface": true,
          "private_dns": true,
          "private_ip": true,
          "public_dns": true,
          "public_ip": true,
          "public_ipv4_pool": true,
          "tags_all": true
        },
        "before_sensitive": false,
        "after_sensitive": {
          "tags_all": {}
        }
      }
    },
    {
      "address": "module.my_vpc.aws_internet_gateway.ts_aws_internet_gateway",
      "module_address": "module.my_vpc",
      "mode": "managed",
      "type": "aws_internet_gateway",
      "name": "ts_aws_internet_gateway",
      "provider_name": "registry.terraform.io/hashicorp/aws",
      "change": {
        "actions": [
          "create"
        ],
        "before": null,
        "after": {
          "tags": null,
          "timeouts": null
        },
        "after_unknown": {
          "arn": true,
          "id": true,
          "owner_id": true,
          "tags_all": true,
          "vpc_id": true
        },
        "before_sensitive": false,
        "after_sensitive": {
          "tags_all": {}
        }
      }
    },
    {
      "address": "module.my_vpc.aws_nat_gateway.ts_aws_nat_gateway[\"us-east-1a\"]",
      "module_address": "module.my_vpc",
      "mode": "managed",
      "type": "aws_nat_gateway",
      "name": "ts_aws_nat_gateway",
      "index": "us-east-1a",
      "provider_name": "registry.terraform.io/hashicorp/aws",
      "change": {
        "actions": [
          "create"
        ],
        "before": null,
        "after": {
          "connectivity_type": "public",
          "tags": null
        },
        "after_unknown": {
          "allocation_id": true,
          "id": true,
          "network_interface_id": true,
          "private_ip": true,
          "public_ip": true,
          "subnet_id": true,
          "tags_all": true
        },
        "before_sensitive": false,
        "after_sensitive": {
          "tags_all": {}
        }
      }
    },
    {
      "address": "module.my_vpc.aws_nat_gateway.ts_aws_nat_gateway[\"us-east-1b\"]",
      "module_address": "module.my_vpc",
      "mode": "managed",
      "type": "aws_nat_gateway",
      "name": "ts_aws_nat_gateway",
      "index": "us-east-1b",
      "provider_name": "registry.terraform.io/hashicorp/aws",
      "change": {
        "actions": [
          "create"
        ],
        "before": null,
        "after": {
          "connectivity_type": "public",
          "tags": null
        },
        "after_unknown": {
          "allocation_id": true,
          "id": true,
          "network_interface_id": true,
          "private_ip": true,
          "public_ip": true,
          "subnet_id": true,
          "tags_all": true
        },
        "before_sensitive": false,
        "after_sensitive": {
          "tags_all": {}
        }
      }
    },
    {
      "address": "module.my_vpc.aws_route.ts_aws_route_private_ngw[\"us-east-1a\"]",
      "module_address": "module.my_vpc",
      "mode": "managed",
      "type": "aws_route",
      "name": "ts_aws_route_private_ngw",
      "index": "us-east-1a",
      "provider_name": "registry.terraform.io/hashicorp/aws",
      "change": {
        "actions": [
          "create"
        ],
        "before": null,
        "after": {
          "carrier_gateway_id": null,
          "core_network_arn": null,
          "destination_cidr_block": "0.0.0.0/0",
          "destination_ipv6_cidr_block": null,
          "destination_prefix_list_id": null,
          "egress_only_gateway_id": null,
          "gateway_id": null,
          "local_gateway_id": null,
          "timeouts": null,
          "transit_gateway_id": null,
          "vpc_endpoint_id": null,
          "vpc_peering_connection_id": null
        },
        "after_unknown": {
          "id": true,
          "instance_id": true,
          "instance_owner_id": true,
          "nat_gateway_id": true,
          "network_interface_id": true,
          "origin": true,
          "route_table_id": true,
          "state": true
        },
        "before_sensitive": false,
        "after_sensitive": {}
      }
    },
    {
      "address": "module.my_vpc.aws_route.ts_aws_route_private_ngw[\"us-east-1b\"]",
      "module_address": "module.my_vpc",
      "mode": "managed",
      "type": "aws_route",
      "name": "ts_aws_route_private_ngw",
      "index": "us-east-1b",
      "provider_name": "registry.terraform.io/hashicorp/aws",
      "change": {
        "actions": [
          "create"
        ],
        "before": null,
        "after": {
          "carrier_gateway_id": null,
          "core_network_arn": null,
          "destination_cidr_block": "0.0.0.0/0",
          "destination_ipv6_cidr_block": null,
          "destination_prefix_list_id": null,
          "egress_only_gateway_id": null,
          "gateway_id": null,
          "local_gateway_id": null,
          "timeouts": null,
          "transit_gateway_id": null,
          "vpc_endpoint_id": null,
          "vpc_peering_connection_id": null
        },
        "after_unknown": {
          "id": true,
          "instance_id": true,
          "instance_owner_id": true,
          "nat_gateway_id": true,
          "network_interface_id": true,
          "origin": true,
          "route_table_id": true,
          "state": true
        },
        "before_sensitive": false,
        "after_sensitive": {}
      }
    },
    {
      "address": "module.my_vpc.aws_route.ts_aws_route_public_igw",
      "module_address": "module.my_vpc",
      "mode": "managed",
      "type": "aws_route",
      "name": "ts_aws_route_public_igw",
      "provider_name": "registry.terraform.io/hashicorp/aws",
      "change": {
        "actions": [
          "create"
        ],
        "before": null,
        "after": {
          "carrier_gateway_id": null,
          "core_network_arn": null,
          "destination_cidr_block": "0.0.0.0/0",
          "destination_ipv6_cidr_block": null,
          "destination_prefix_list_id": null,
          "egress_only_gateway_id": null,
          "local_gateway_id": null,
          "nat_gateway_id": null,
          "timeouts": null,
          "transit_gateway_id": null,
          "vpc_endpoint_id": null,
          "vpc_peering_connection_id": null
        },
        "after_unknown": {
          "gateway_id": true,
          "id": true,
          "instance_id": true,
          "instance_owner_id": true,
          "network_interface_id": true,
          "origin": true,
          "route_table_id": true,
          "state": true
        },
        "before_sensitive": false,
        "after_sensitive": {}
      }
    },
    {
      "address": "module.my_vpc.aws_route_table.ts_aws_route_table_private_isolated",
      "module_address": "module.my_vpc",
      "mode": "managed",
      "type": "aws_route_table",
      "name": "ts_aws_route_table_private_isolated",
      "provider_name": "registry.terraform.io/hashicorp/aws",
      "change": {
        "actions": [
          "create"
        ],
        "before": null,
        "after": {
          "tags": null,
          "timeouts": null
        },
        "after_unknown": {
          "arn": true,
          "id": true,
          "owner_id": true,
          "propagating_vgws": true,
          "route": true,
          "tags_all": true,
          "vpc_id": true
        },
        "before_sensitive": false,
        "after_sensitive": {
          "propagating_vgws": [],
          "route": [],
          "tags_all": {}
        }
      }
    },
    {
      "address": "module.my_vpc.aws_route_table.ts_aws_route_table_private_ngw[\"us-east-1a\"]",
      "module_address": "module.my_vpc",
      "mode": "managed",
      "type": "aws_route_table",
      "name": "ts_aws_route_table_private_ngw",
      "index": "us-east-1a",
      "provider_name": "registry.terraform.io/hashicorp/aws",
      "change": {
        "actions": [
          "create"
        ],
        "before": null,
        "after": {
          "tags": null,
          "timeouts": null
        },
        "after_unknown": {
          "arn": true,
          "id": true,
          "owner_id": true,
          "propagating_vgws": true,
          "route": true,
          "tags_all": true,
          "vpc_id": true
        },
        "before_sensitive": false,
        "after_sensitive": {
          "propagating_vgws": [],
          "route": [],
          "tags_all": {}
        }
      }
    },
    {
      "address": "module.my_vpc.aws_route_table.ts_aws_route_table_private_ngw[\"us-east-1b\"]",
      "module_address": "module.my_vpc",
      "mode": "managed",
      "type": "aws_route_table",
      "name": "ts_aws_route_table_private_ngw",
      "index": "us-east-1b",
      "provider_name": "registry.terraform.io/hashicorp/aws",
      "change": {
        "actions": [
          "create"
        ],
        "before": null,
        "after": {
          "tags": null,
          "timeouts": null
        },
        "after_unknown": {
          "arn": true,
          "id": true,
          "owner_id": true,
          "propagating_vgws": true,
          "route": true,
          "tags_all": true,
          "vpc_id": true
        },
        "before_sensitive": false,
        "after_sensitive": {
          "propagating_vgws": [],
          "route": [],
          "tags_all": {}
        }
      }
    },
    {
      "address": "module.my_vpc.aws_route_table.ts_aws_route_table_public_igw",
      "module_address": "module.my_vpc",
      "mode": "managed",
      "type": "aws_route_table",
      "name": "ts_aws_route_table_public_igw",
      "provider_name": "registry.terraform.io/hashicorp/aws",
      "change": {
        "actions": [
          "create"
        ],
        "before": null,
        "after": {
          "tags": null,
          "timeouts": null
        },
        "after_unknown": {
          "arn": true,
          "id": true,
          "owner_id": true,
          "propagating_vgws": true,
          "route": true,
          "tags_all": true,
          "vpc_id": true
        },
        "before_sensitive": false,
        "after_sensitive": {
          "propagating_vgws": [],
          "route": [],
          "tags_all": {}
        }
      }
    },
    {
      "address": "module.my_vpc.aws_route_table_association.ts_aws_route_table_association_private_isolated[\"us-east-1a\"]",
      "module_address": "module.my_vpc",
      "mode": "managed",
      "type": "aws_route_table_association",
      "name": "ts_aws_route_table_association_private_isolated",
      "index": "us-east-1a",
      "provider_name": "registry.terraform.io/hashicorp/aws",
      "change": {
        "actions": [
          "create"
        ],
        "before": null,
        "after": {
          "gateway_id": null
        },
        "after_unknown": {
          "id": true,
          "route_table_id": true,
          "subnet_id": true
        },
        "before_sensitive": false,
        "after_sensitive": {}
      }
    },
    {
      "address": "module.my_vpc.aws_route_table_association.ts_aws_route_table_association_private_isolated[\"us-east-1b\"]",
      "module_address": "module.my_vpc",
      "mode": "managed",
      "type": "aws_route_table_association",
      "name": "ts_aws_route_table_association_private_isolated",
      "index": "us-east-1b",
      "provider_name": "registry.terraform.io/hashicorp/aws",
      "change": {
        "actions": [
          "create"
        ],
        "before": null,
        "after": {
          "gateway_id": null
        },
        "after_unknown": {
          "id": true,
          "route_table_id": true,
          "subnet_id": true
        },
        "before_sensitive": false,
        "after_sensitive": {}
      }
    },
    {
      "address": "module.my_vpc.aws_route_table_association.ts_aws_route_table_association_private_ngw[\"us-east-1a\"]",
      "module_address": "module.my_vpc",
      "mode": "managed",
      "type": "aws_route_table_association",
      "name": "ts_aws_route_table_association_private_ngw",
      "index": "us-east-1a",
      "provider_name": "registry.terraform.io/hashicorp/aws",
      "change": {
        "actions": [
          "create"
        ],
        "before": null,
        "after": {
          "gateway_id": null
        },
        "after_unknown": {
          "id": true,
          "route_table_id": true,
          "subnet_id": true
        },
        "before_sensitive": false,
        "after_sensitive": {}
      }
    },
    {
      "address": "module.my_vpc.aws_route_table_association.ts_aws_route_table_association_private_ngw[\"us-east-1b\"]",
      "module_address": "module.my_vpc",
      "mode": "managed",
      "type": "aws_route_table_association",
      "name": "ts_aws_route_table_association_private_ngw",
      "index": "us-east-1b",
      "provider_name": "registry.terraform.io/hashicorp/aws",
      "change": {
        "actions": [
          "create"
        ],
        "before": null,
        "after": {
          "gateway_id": null
        },
        "after_unknown": {
          "id": true,
          "route_table_id": true,
          "subnet_id": true
        },
        "before_sensitive": false,
        "after_sensitive": {}
      }
    },
    {
      "address": "module.my_vpc.aws_route_table_association.ts_aws_route_table_association_public_igw[\"us-east-1a\"]",
      "module_address": "module.my_vpc",
      "mode": "managed",
      "type": "aws_route_table_association",
      "name": "ts_aws_route_table_association_public_igw",
      "index": "us-east-1a",
      "provider_name": "registry.terraform.io/hashicorp/aws",
      "change": {
        "actions": [
          "create"
        ],
        "before": null,
        "after": {
          "gateway_id": null
        },
        "after_unknown": {
          "id": true,
          "route_table_id": true,
          "subnet_id": true
        },
        "before_sensitive": false,
        "after_sensitive": {}
      }
    },
    {
      "address": "module.my_vpc.aws_route_table_association.ts_aws_route_table_association_public_igw[\"us-east-1b\"]",
      "module_address": "module.my_vpc",
      "mode": "managed",
      "type": "aws_route_table_association",
      "name": "ts_aws_route_table_association_public_igw",
      "index": "us-east-1b",
      "provider_name": "registry.terraform.io/hashicorp/aws",
      "change": {
        "actions": [
          "create"
        ],
        "before": null,
        "after": {
          "gateway_id": null
        },
        "after_unknown": {
          "id": true,
          "route_table_id": true,
          "subnet_id": true
        },
        "before_sensitive": false,
        "after_sensitive": {}
      }
    },
    {
      "address": "module.my_vpc.aws_subnet.ts_aws_subnet_private_isolated[\"us-east-1a\"]",
      "module_address": "module.my_vpc",
      "mode": "managed",
      "type": "aws_subnet",
      "name": "ts_aws_subnet_private_isolated",
      "index": "us-east-1a",
      "provider_name": "registry.terraform.io/hashicorp/aws",
      "change": {
        "actions": [
          "create"
        ],
        "before": null,
        "after": {
          "assign_ipv6_address_on_creation": false,
          "availability_zone": "us-east-1a",
          "cidr_block": "10.0.80.0/20",
          "customer_owned_ipv4_pool": null,
          "enable_dns64": false,
          "enable_resource_name_dns_a_record_on_launch": false,
          "enable_resource_name_dns_aaaa_record_on_launch": false,
          "ipv6_cidr_block": null,
          "ipv6_native": false,
          "map_customer_owned_ip_on_launch": null,
          "map_public_ip_on_launch": false,
          "outpost_arn": null,
          "tags": null,
          "timeouts": null
        },
        "after_unknown": {
          "arn": true,
          "availability_zone_id": true,
          "id": true,
          "ipv6_cidr_block_association_id": true,
          "owner_id": true,
          "private_dns_hostname_type_on_launch": true,
          "tags_all": true,
          "vpc_id": true
        },
        "before_sensitive": false,
        "after_sensitive": {
          "tags_all": {}
        }
      }
    },
    {
      "address": "module.my_vpc.aws_subnet.ts_aws_subnet_private_isolated[\"us-east-1b\"]",
      "module_address": "module.my_vpc",
      "mode": "managed",
      "type": "aws_subnet",
      "name": "ts_aws_subnet_private_isolated",
      "index": "us-east-1b",
      "provider_name": "registry.terraform.io/hashicorp/aws",
      "change": {
        "actions": [
          "create"
        ],
        "before": null,
        "after": {
          "assign_ipv6_address_on_creation": false,
          "availability_zone": "us-east-1b",
          "cidr_block": "10.0.96.0/20",
          "customer_owned_ipv4_pool": null,
          "enable_dns64": false,
          "enable_resource_name_dns_a_record_on_launch": false,
          "enable_resource_name_dns_aaaa_record_on_launch": false,
          "ipv6_cidr_block": null,
          "ipv6_native": false,
          "map_customer_owned_ip_on_launch": null,
          "map_public_ip_on_launch": false,
          "outpost_arn": null,
          "tags": null,
          "timeouts": null
        },
        "after_unknown": {
          "arn": true,
          "availability_zone_id": true,
          "id": true,
          "ipv6_cidr_block_association_id": true,
          "owner_id": true,
          "private_dns_hostname_type_on_launch": true,
          "tags_all": true,
          "vpc_id": true
        },
        "before_sensitive": false,
        "after_sensitive": {
          "tags_all": {}
        }
      }
    },
    {
      "address": "module.my_vpc.aws_subnet.ts_aws_subnet_private_ngw[\"us-east-1a\"]",
      "module_address": "module.my_vpc",
      "mode": "managed",
      "type": "aws_subnet",
      "name": "ts_aws_subnet_private_ngw",
      "index": "us-east-1a",
      "provider_name": "registry.terraform.io/hashicorp/aws",
      "change": {
        "actions": [
          "create"
        ],
        "before": null,
        "after": {
          "assign_ipv6_address_on_creation": false,
          "availability_zone": "us-east-1a",
          "cidr_block": "10.0.48.0/20",
          "customer_owned_ipv4_pool": null,
          "enable_dns64": false,
          "enable_resource_name_dns_a_record_on_launch": false,
          "enable_resource_name_dns_aaaa_record_on_launch": false,
          "ipv6_cidr_block": null,
          "ipv6_native": false,
          "map_customer_owned_ip_on_launch": null,
          "map_public_ip_on_launch": false,
          "outpost_arn": null,
          "tags": null,
          "timeouts": null
        },
        "after_unknown": {
          "arn": true,
          "availability_zone_id": true,
          "id": true,
          "ipv6_cidr_block_association_id": true,
          "owner_id": true,
          "private_dns_hostname_type_on_launch": true,
          "tags_all": true,
          "vpc_id": true
        },
        "before_sensitive": false,
        "after_sensitive": {
          "tags_all": {}
        }
      }
    },
    {
      "address": "module.my_vpc.aws_subnet.ts_aws_subnet_private_ngw[\"us-east-1b\"]",
      "module_address": "module.my_vpc",
      "mode": "managed",
      "type": "aws_subnet",
      "name": "ts_aws_subnet_private_ngw",
      "index": "us-east-1b",
      "provider_name": "registry.terraform.io/hashicorp/aws",
      "change": {
        "actions": [
          "create"
        ],
        "before": null,
        "after": {
          "assign_ipv6_address_on_creation": false,
          "availability_zone": "us-east-1b",
          "cidr_block": "10.0.64.0/20",
          "customer_owned_ipv4_pool": null,
          "enable_dns64": false,
          "enable_resource_name_dns_a_record_on_launch": false,
          "enable_resource_name_dns_aaaa_record_on_launch": false,
          "ipv6_cidr_block": null,
          "ipv6_native": false,
          "map_customer_owned_ip_on_launch": null,
          "map_public_ip_on_launch": false,
          "outpost_arn": null,
          "tags": null,
          "timeouts": null
        },
        "after_unknown": {
          "arn": true,
          "availability_zone_id": true,
          "id": true,
          "ipv6_cidr_block_association_id": true,
          "owner_id": true,
          "private_dns_hostname_type_on_launch": true,
          "tags_all": true,
          "vpc_id": true
        },
        "before_sensitive": false,
        "after_sensitive": {
          "tags_all": {}
        }
      }
    },
    {
      "address": "module.my_vpc.aws_subnet.ts_aws_subnet_public_igw[\"us-east-1a\"]",
      "module_address": "module.my_vpc",
      "mode": "managed",
      "type": "aws_subnet",
      "name": "ts_aws_subnet_public_igw",
      "index": "us-east-1a",
      "provider_name": "registry.terraform.io/hashicorp/aws",
      "change": {
        "actions": [
          "create"
        ],
        "before": null,
        "after": {
          "assign_ipv6_address_on_creation": false,
          "availability_zone": "us-east-1a",
          "cidr_block": "10.0.16.0/20",
          "customer_owned_ipv4_pool": null,
          "enable_dns64": false,
          "enable_resource_name_dns_a_record_on_launch": false,
          "enable_resource_name_dns_aaaa_record_on_launch": false,
          "ipv6_cidr_block": null,
          "ipv6_native": false,
          "map_customer_owned_ip_on_launch": null,
          "map_public_ip_on_launch": true,
          "outpost_arn": null,
          "tags": null,
          "timeouts": null
        },
        "after_unknown": {
          "arn": true,
          "availability_zone_id": true,
          "id": true,
          "ipv6_cidr_block_association_id": true,
          "owner_id": true,
          "private_dns_hostname_type_on_launch": true,
          "tags_all": true,
          "vpc_id": true
        },
        "before_sensitive": false,
        "after_sensitive": {
          "tags_all": {}
        }
      }
    },
    {
      "address": "module.my_vpc.aws_subnet.ts_aws_subnet_public_igw[\"us-east-1b\"]",
      "module_address": "module.my_vpc",
      "mode": "managed",
      "type": "aws_subnet",
      "name": "ts_aws_subnet_public_igw",
      "index": "us-east-1b",
      "provider_name": "registry.terraform.io/hashicorp/aws",
      "change": {
        "actions": [
          "create"
        ],
        "before": null,
        "after": {
          "assign_ipv6_address_on_creation": false,
          "availability_zone": "us-east-1b",
          "cidr_block": "10.0.32.0/20",
          "customer_owned_ipv4_pool": null,
          "enable_dns64": false,
          "enable_resource_name_dns_a_record_on_launch": false,
          "enable_resource_name_dns_aaaa_record_on_launch": false,
          "ipv6_cidr_block": null,
          "ipv6_native": false,
          "map_customer_owned_ip_on_launch": null,
          "map_public_ip_on_launch": true,
          "outpost_arn": null,
          "tags": null,
          "timeouts": null
        },
        "after_unknown": {
          "arn": true,
          "availability_zone_id": true,
          "id": true,
          "ipv6_cidr_block_association_id": true,
          "owner_id": true,
          "private_dns_hostname_type_on_launch": true,
          "tags_all": true,
          "vpc_id": true
        },
        "before_sensitive": false,
        "after_sensitive": {
          "tags_all": {}
        }
      }
    },
    {
      "address": "module.my_vpc.aws_vpc.ts_aws_vpc",
      "module_address": "module.my_vpc",
      "mode": "managed",
      "type": "aws_vpc",
      "name": "ts_aws_vpc",
      "provider_name": "registry.terraform.io/hashicorp/aws",
      "change": {
        "actions": [
          "create"
        ],
        "before": null,
        "after": {
          "assign_generated_ipv6_cidr_block": null,
          "cidr_block": "10.0.0.0/16",
          "enable_dns_hostnames": true,
          "enable_dns_support": true,
          "instance_tenancy": "default",
          "ipv4_ipam_pool_id": null,
          "ipv4_netmask_length": null,
          "ipv6_ipam_pool_id": null,
          "ipv6_netmask_length": null,
          "tags": null
        },
        "after_unknown": {
          "arn": true,
          "default_network_acl_id": true,
          "default_route_table_id": true,
          "default_security_group_id": true,
          "dhcp_options_id": true,
          "enable_classiclink": true,
          "enable_classiclink_dns_support": true,
          "enable_network_address_usage_metrics": true,
          "id": true,
          "ipv6_association_id": true,
          "ipv6_cidr_block": true,
          "ipv6_cidr_block_network_border_group": true,
          "main_route_table_id": true,
          "owner_id": true,
          "tags_all": true
        },
        "before_sensitive": false,
        "after_sensitive": {
          "tags_all": {}
        }
      }
    }
  ],
  "prior_state": {
    "format_version": "1.0",
    "terraform_version": "1.2.3",
    "values": {
      "root_module": {
        "child_modules": [
          {
            "resources": [
              {
                "address": "module.my_vpc.data.aws_availability_zones.available",
                "mode": "data",
                "type": "aws_availability_zones",
                "name": "available",
                "provider_name": "registry.terraform.io/hashicorp/aws",
                "schema_version": 0,
                "values": {
                  "all_availability_zones": null,
                  "exclude_names": null,
                  "exclude_zone_ids": null,
                  "filter": null,
                  "group_names": [
                    "us-east-1"
                  ],
                  "id": "us-east-1",
                  "names": [
                    "us-east-1a",
                    "us-east-1b",
                    "us-east-1c",
                    "us-east-1d",
                    "us-east-1e",
                    "us-east-1f"
                  ],
                  "state": "available",
                  "timeouts": null,
                  "zone_ids": [
                    "use1-az4",
                    "use1-az6",
                    "use1-az1",
                    "use1-az2",
                    "use1-az3",
                    "use1-az5"
                  ]
                },
                "sensitive_values": {
                  "group_names": [
                    false
                  ],
                  "names": [
                    false,
                    false,
                    false,
                    false,
                    false,
                    false
                  ],
                  "zone_ids": [
                    false,
                    false,
                    false,
                    false,
                    false,
                    false
                  ]
                }
              }
            ],
            "address": "module.my_vpc"
          }
        ]
      }
    }
  },
  "configuration": {
    "provider_config": {
      "module.my_vpc:aws": {
        "name": "aws",
        "full_name": "registry.terraform.io/hashicorp/aws",
        "module_address": "module.my_vpc"
      }
    },
    "root_module": {
      "module_calls": {
        "my_vpc": {
          "source": "git::https://github.com/tinystacks/tinystacks-terraform-modules.git//aws/modules/vpc",
          "expressions": {
            "ts_aws_vpc_cidr_block": {
              "constant_value": "10.0.0.0/16"
            },
            "ts_aws_vpc_cidr_newbits": {
              "constant_value": 4
            },
            "ts_vpc_slice_azs": {
              "constant_value": true
            },
            "ts_vpc_slice_azs_end_index": {
              "constant_value": 2
            },
            "ts_vpc_slice_azs_start_index": {
              "constant_value": 0
            }
          },
          "module": {
            "outputs": {
              "ts_aws_subnet_private_isolated_map": {
                "expression": {
                  "references": [
                    "aws_subnet.ts_aws_subnet_private_isolated"
                  ]
                },
                "description": "TinyStacks AWS Subnet Private isolated ID and block"
              },
              "ts_aws_subnet_private_ngw_map": {
                "expression": {
                  "references": [
                    "aws_subnet.ts_aws_subnet_private_ngw"
                  ]
                },
                "description": "TinyStacks AWS Subnet Private NGW ID and block"
              },
              "ts_aws_subnet_public_igw_map": {
                "expression": {
                  "references": [
                    "aws_subnet.ts_aws_subnet_public_igw"
                  ]
                },
                "description": "TinyStacks AWS Subnet Public IGW ID and block"
              },
              "ts_aws_vpc_id": {
                "expression": {
                  "references": [
                    "aws_vpc.ts_aws_vpc.id",
                    "aws_vpc.ts_aws_vpc"
                  ]
                },
                "description": "TinyStacks AWS VPC ID"
              }
            },
            "resources": [
              {
                "address": "aws_eip.ts_aws_eip_nat",
                "mode": "managed",
                "type": "aws_eip",
                "name": "ts_aws_eip_nat",
                "provider_config_key": "module.my_vpc:aws",
                "expressions": {
                  "vpc": {
                    "constant_value": true
                  }
                },
                "schema_version": 0,
                "for_each_expression": {
                  "references": [
                    "local.ts_private_ngw_cidr_blocks"
                  ]
                }
              },
              {
                "address": "aws_internet_gateway.ts_aws_internet_gateway",
                "mode": "managed",
                "type": "aws_internet_gateway",
                "name": "ts_aws_internet_gateway",
                "provider_config_key": "module.my_vpc:aws",
                "expressions": {
                  "vpc_id": {
                    "references": [
                      "aws_vpc.ts_aws_vpc.id",
                      "aws_vpc.ts_aws_vpc"
                    ]
                  }
                },
                "schema_version": 0
              },
              {
                "address": "aws_nat_gateway.ts_aws_nat_gateway",
                "mode": "managed",
                "type": "aws_nat_gateway",
                "name": "ts_aws_nat_gateway",
                "provider_config_key": "module.my_vpc:aws",
                "expressions": {
                  "allocation_id": {
                    "references": [
                      "aws_eip.ts_aws_eip_nat",
                      "each.key"
                    ]
                  },
                  "subnet_id": {
                    "references": [
                      "aws_subnet.ts_aws_subnet_public_igw",
                      "each.key"
                    ]
                  }
                },
                "schema_version": 0,
                "for_each_expression": {
                  "references": [
                    "local.ts_private_ngw_cidr_blocks"
                  ]
                },
                "depends_on": [
                  "aws_internet_gateway.ts_aws_internet_gateway"
                ]
              },
              {
                "address": "aws_route.ts_aws_route_private_ngw",
                "mode": "managed",
                "type": "aws_route",
                "name": "ts_aws_route_private_ngw",
                "provider_config_key": "module.my_vpc:aws",
                "expressions": {
                  "destination_cidr_block": {
                    "constant_value": "0.0.0.0/0"
                  },
                  "nat_gateway_id": {
                    "references": [
                      "aws_nat_gateway.ts_aws_nat_gateway",
                      "each.key"
                    ]
                  },
                  "route_table_id": {
                    "references": [
                      "aws_route_table.ts_aws_route_table_private_ngw",
                      "each.key"
                    ]
                  }
                },
                "schema_version": 0,
                "for_each_expression": {
                  "references": [
                    "local.ts_private_ngw_cidr_blocks"
                  ]
                }
              },
              {
                "address": "aws_route.ts_aws_route_public_igw",
                "mode": "managed",
                "type": "aws_route",
                "name": "ts_aws_route_public_igw",
                "provider_config_key": "module.my_vpc:aws",
                "expressions": {
                  "destination_cidr_block": {
                    "constant_value": "0.0.0.0/0"
                  },
                  "gateway_id": {
                    "references": [
                      "aws_internet_gateway.ts_aws_internet_gateway.id",
                      "aws_internet_gateway.ts_aws_internet_gateway"
                    ]
                  },
                  "route_table_id": {
                    "references": [
                      "aws_route_table.ts_aws_route_table_public_igw.id",
                      "aws_route_table.ts_aws_route_table_public_igw"
                    ]
                  }
                },
                "schema_version": 0
              },
              {
                "address": "aws_route_table.ts_aws_route_table_private_isolated",
                "mode": "managed",
                "type": "aws_route_table",
                "name": "ts_aws_route_table_private_isolated",
                "provider_config_key": "module.my_vpc:aws",
                "expressions": {
                  "vpc_id": {
                    "references": [
                      "aws_vpc.ts_aws_vpc.id",
                      "aws_vpc.ts_aws_vpc"
                    ]
                  }
                },
                "schema_version": 0
              },
              {
                "address": "aws_route_table.ts_aws_route_table_private_ngw",
                "mode": "managed",
                "type": "aws_route_table",
                "name": "ts_aws_route_table_private_ngw",
                "provider_config_key": "module.my_vpc:aws",
                "expressions": {
                  "vpc_id": {
                    "references": [
                      "aws_vpc.ts_aws_vpc.id",
                      "aws_vpc.ts_aws_vpc"
                    ]
                  }
                },
                "schema_version": 0,
                "for_each_expression": {
                  "references": [
                    "local.ts_private_ngw_cidr_blocks"
                  ]
                }
              },
              {
                "address": "aws_route_table.ts_aws_route_table_public_igw",
                "mode": "managed",
                "type": "aws_route_table",
                "name": "ts_aws_route_table_public_igw",
                "provider_config_key": "module.my_vpc:aws",
                "expressions": {
                  "vpc_id": {
                    "references": [
                      "aws_vpc.ts_aws_vpc.id",
                      "aws_vpc.ts_aws_vpc"
                    ]
                  }
                },
                "schema_version": 0
              },
              {
                "address": "aws_route_table_association.ts_aws_route_table_association_private_isolated",
                "mode": "managed",
                "type": "aws_route_table_association",
                "name": "ts_aws_route_table_association_private_isolated",
                "provider_config_key": "module.my_vpc:aws",
                "expressions": {
                  "route_table_id": {
                    "references": [
                      "aws_route_table.ts_aws_route_table_private_isolated.id",
                      "aws_route_table.ts_aws_route_table_private_isolated"
                    ]
                  },
                  "subnet_id": {
                    "references": [
                      "each.value.id",
                      "each.value"
                    ]
                  }
                },
                "schema_version": 0,
                "for_each_expression": {
                  "references": [
                    "aws_subnet.ts_aws_subnet_private_isolated"
                  ]
                }
              },
              {
                "address": "aws_route_table_association.ts_aws_route_table_association_private_ngw",
                "mode": "managed",
                "type": "aws_route_table_association",
                "name": "ts_aws_route_table_association_private_ngw",
                "provider_config_key": "module.my_vpc:aws",
                "expressions": {
                  "route_table_id": {
                    "references": [
                      "aws_route_table.ts_aws_route_table_private_ngw",
                      "each.key"
                    ]
                  },
                  "subnet_id": {
                    "references": [
                      "aws_subnet.ts_aws_subnet_private_ngw",
                      "each.key"
                    ]
                  }
                },
                "schema_version": 0,
                "for_each_expression": {
                  "references": [
                    "local.ts_private_ngw_cidr_blocks"
                  ]
                }
              },
              {
                "address": "aws_route_table_association.ts_aws_route_table_association_public_igw",
                "mode": "managed",
                "type": "aws_route_table_association",
                "name": "ts_aws_route_table_association_public_igw",
                "provider_config_key": "module.my_vpc:aws",
                "expressions": {
                  "route_table_id": {
                    "references": [
                      "aws_route_table.ts_aws_route_table_public_igw.id",
                      "aws_route_table.ts_aws_route_table_public_igw"
                    ]
                  },
                  "subnet_id": {
                    "references": [
                      "each.value.id",
                      "each.value"
                    ]
                  }
                },
                "schema_version": 0,
                "for_each_expression": {
                  "references": [
                    "aws_subnet.ts_aws_subnet_public_igw"
                  ]
                }
              },
              {
                "address": "aws_subnet.ts_aws_subnet_private_isolated",
                "mode": "managed",
                "type": "aws_subnet",
                "name": "ts_aws_subnet_private_isolated",
                "provider_config_key": "module.my_vpc:aws",
                "expressions": {
                  "availability_zone": {
                    "references": [
                      "each.key"
                    ]
                  },
                  "cidr_block": {
                    "references": [
                      "aws_vpc.ts_aws_vpc.cidr_block",
                      "aws_vpc.ts_aws_vpc",
                      "var.ts_aws_vpc_cidr_newbits",
                      "each.value"
                    ]
                  },
                  "vpc_id": {
                    "references": [
                      "aws_vpc.ts_aws_vpc.id",
                      "aws_vpc.ts_aws_vpc"
                    ]
                  }
                },
                "schema_version": 1,
                "for_each_expression": {
                  "references": [
                    "local.ts_private_isolated_cidr_blocks"
                  ]
                }
              },
              {
                "address": "aws_subnet.ts_aws_subnet_private_ngw",
                "mode": "managed",
                "type": "aws_subnet",
                "name": "ts_aws_subnet_private_ngw",
                "provider_config_key": "module.my_vpc:aws",
                "expressions": {
                  "availability_zone": {
                    "references": [
                      "each.key"
                    ]
                  },
                  "cidr_block": {
                    "references": [
                      "aws_vpc.ts_aws_vpc.cidr_block",
                      "aws_vpc.ts_aws_vpc",
                      "var.ts_aws_vpc_cidr_newbits",
                      "each.value"
                    ]
                  },
                  "vpc_id": {
                    "references": [
                      "aws_vpc.ts_aws_vpc.id",
                      "aws_vpc.ts_aws_vpc"
                    ]
                  }
                },
                "schema_version": 1,
                "for_each_expression": {
                  "references": [
                    "local.ts_private_ngw_cidr_blocks"
                  ]
                }
              },
              {
                "address": "aws_subnet.ts_aws_subnet_public_igw",
                "mode": "managed",
                "type": "aws_subnet",
                "name": "ts_aws_subnet_public_igw",
                "provider_config_key": "module.my_vpc:aws",
                "expressions": {
                  "availability_zone": {
                    "references": [
                      "each.key"
                    ]
                  },
                  "cidr_block": {
                    "references": [
                      "aws_vpc.ts_aws_vpc.cidr_block",
                      "aws_vpc.ts_aws_vpc",
                      "var.ts_aws_vpc_cidr_newbits",
                      "each.value"
                    ]
                  },
                  "map_public_ip_on_launch": {
                    "constant_value": true
                  },
                  "vpc_id": {
                    "references": [
                      "aws_vpc.ts_aws_vpc.id",
                      "aws_vpc.ts_aws_vpc"
                    ]
                  }
                },
                "schema_version": 1,
                "for_each_expression": {
                  "references": [
                    "local.ts_public_igw_cidr_blocks"
                  ]
                }
              },
              {
                "address": "aws_vpc.ts_aws_vpc",
                "mode": "managed",
                "type": "aws_vpc",
                "name": "ts_aws_vpc",
                "provider_config_key": "module.my_vpc:aws",
                "expressions": {
                  "cidr_block": {
                    "references": [
                      "var.ts_aws_vpc_cidr_block"
                    ]
                  },
                  "enable_dns_hostnames": {
                    "constant_value": true
                  },
                  "instance_tenancy": {
                    "constant_value": "default"
                  }
                },
                "schema_version": 1
              },
              {
                "address": "data.aws_availability_zones.available",
                "mode": "data",
                "type": "aws_availability_zones",
                "name": "available",
                "provider_config_key": "module.my_vpc:aws",
                "expressions": {
                  "state": {
                    "constant_value": "available"
                  }
                },
                "schema_version": 0
              }
            ],
            "variables": {
              "ts_aws_vpc_cidr_block": {
                "default": "10.0.0.0/16",
                "description": "TinyStacks AWS VPC CIDR block"
              },
              "ts_aws_vpc_cidr_newbits": {
                "default": 4,
                "description": "TinyStacks AWS VPC CIDR new bits"
              },
              "ts_vpc_slice_azs": {
                "default": true
              },
              "ts_vpc_slice_azs_end_index": {
                "default": 3
              },
              "ts_vpc_slice_azs_start_index": {
                "default": 0
              }
            }
          }
        }
      }
    }
  },
  "relevant_attributes": [
    {
      "resource": "module.my_vpc.aws_vpc.ts_aws_vpc",
      "attribute": [
        "id"
      ]
    },
    {
      "resource": "module.my_vpc.aws_internet_gateway.ts_aws_internet_gateway",
      "attribute": [
        "id"
      ]
    },
    {
      "resource": "module.my_vpc.aws_route_table.ts_aws_route_table_private_ngw",
      "attribute": []
    },
    {
      "resource": "module.my_vpc.aws_subnet.ts_aws_subnet_private_ngw",
      "attribute": []
    },
    {
      "resource": "module.my_vpc.aws_eip.ts_aws_eip_nat",
      "attribute": []
    },
    {
      "resource": "module.my_vpc.aws_subnet.ts_aws_subnet_public_igw",
      "attribute": []
    },
    {
      "resource": "module.my_vpc.aws_nat_gateway.ts_aws_nat_gateway",
      "attribute": []
    },
    {
      "resource": "module.my_vpc.aws_subnet.ts_aws_subnet_private_isolated",
      "attribute": []
    },
    {
      "resource": "module.my_vpc.aws_route_table.ts_aws_route_table_public_igw",
      "attribute": [
        "id"
      ]
    },
    {
      "resource": "module.my_vpc.aws_vpc.ts_aws_vpc",
      "attribute": [
        "cidr_block"
      ]
    },
    {
      "resource": "module.my_vpc.aws_route_table.ts_aws_route_table_private_isolated",
      "attribute": [
        "id"
      ]
    },
    {
      "resource": "module.my_vpc.data.aws_availability_zones.available",
      "attribute": [
        "names"
      ]
    }
  ]
}